
Microsoft Visual Studio Solution File, Format Version 12.00
# Visual Studio Version 16
VisualStudioVersion = 16.0.29728.190
MinimumVisualStudioVersion = 10.0.40219.1
Project("{FAE04EC0-301F-11D3-BF4B-00C04F79EFBC}") = "MonthlyRent.Web", "MonthlyRent.Web\MonthlyRent.Web.csproj", "{EBEDA6D6-058D-4EFD-ADDD-FEFE33CD6656}"
EndProject
Global
	GlobalSection(SolutionConfigurationPlatforms) = preSolution
		Debug|Any CPU = Debug|Any CPU
		Release|Any CPU = Release|Any CPU
	EndGlobalSection
	GlobalSection(ProjectConfigurationPlatforms) = postSolution
		{EBEDA6D6-058D-4EFD-ADDD-FEFE33CD6656}.Debug|Any CPU.ActiveCfg = Debug|Any CPU
		{EBEDA6D6-058D-4EFD-ADDD-FEFE33CD6656}.Debug|Any CPU.Build.0 = Debug|Any CPU
		{EBEDA6D6-058D-4EFD-ADDD-FEFE33CD6656}.Release|Any CPU.ActiveCfg = Release|Any CPU
		{EBEDA6D6-058D-4EFD-ADDD-FEFE33CD6656}.Release|Any CPU.Build.0 = Release|Any CPU
	EndGlobalSection
	GlobalSection(SolutionProperties) = preSolution
		HideSolutionNode = FALSE
	EndGlobalSection
	GlobalSection(ExtensibilityGlobals) = postSolution
		SolutionGuid = {06E80621-2979-4FA6-8F6B-290EACFEA780}
	EndGlobalSection
EndGlobal
